{
    "name": "@etherealjs/core",
    "version": "1.1.2",
    "lockfileVersion": 1,
    "requires": true,
    "dependencies": {
        "@glimmer/env": {
            "version": "0.1.7",
            "resolved": "https://registry.npmjs.org/@glimmer/env/-/env-0.1.7.tgz",
            "integrity": "sha1-/S0rVakCnGs3psk16MiHGucN+gc="
        },
        "@glimmer/validator": {
            "version": "0.54.0",
            "resolved": "https://registry.npmjs.org/@glimmer/validator/-/validator-0.54.0.tgz",
            "integrity": "sha512-3O/hR6ykWbKryyKOnnj9daEmLD535dMmb0Dz7jGptUGvDRbIV9ubUf6xixfvjJHvyPDSuBVEgtMI1ANpX1oeOg==",
            "requires": {
                "@glimmer/env": "^0.1.7"
            }
        },
        "@popmotion/easing": {
            "version": "1.0.2",
            "resolved": "https://registry.npmjs.org/@popmotion/easing/-/easing-1.0.2.tgz",
            "integrity": "sha512-IkdW0TNmRnWTeWI7aGQIVDbKXPWHVEYdGgd5ZR4SH/Ty/61p63jCjrPxX1XrR7IGkl08bjhJROStD7j+RKgoIw=="
        }
    }
}
