{
    "name": "@etherealjs/core",
    "version": "1.1.2",
    "lockfileVersion": 1,
    "requires": true,
    "dependencies": {
        "@popmotion/easing": {
            "version": "1.0.2",
            "resolved": "https://registry.npmjs.org/@popmotion/easing/-/easing-1.0.2.tgz",
            "integrity": "sha512-IkdW0TNmRnWTeWI7aGQIVDbKXPWHVEYdGgd5ZR4SH/Ty/61p63jCjrPxX1XrR7IGkl08bjhJROStD7j+RKgoIw=="
        }
    }
}
