{
  "name": "traclabs-pride-xr",
  "version": "0.1.0",
  "lockfileVersion": 1,
  "requires": true,
  "dependencies": {
    "@babel/helper-validator-identifier": {
      "version": "7.10.4",
      "resolved": "https://registry.npmjs.org/@babel/helper-validator-identifier/-/helper-validator-identifier-7.10.4.tgz",
      "integrity": "sha512-3U9y+43hz7ZM+rzG24Qe2mufW5KhvFg/NhnNph+i9mgCtdTCtMJuI1TMkrIUiK7Ix4PYlRF9I5dhqaLYA/ADXw=="
    },
    "@babel/parser": {
      "version": "7.11.5",
      "resolved": "https://registry.npmjs.org/@babel/parser/-/parser-7.11.5.tgz",
      "integrity": "sha512-X9rD8qqm695vgmeaQ4fvz/o3+Wk4ZzQvSHkDBgpYKxpD4qTAUm88ZKtHkVqIOsYFFbIQ6wQYhC6q7pjqVK0E0Q=="
    },
    "@babel/types": {
      "version": "7.11.5",
      "resolved": "https://registry.npmjs.org/@babel/types/-/types-7.11.5.tgz",
      "integrity": "sha512-bvM7Qz6eKnJVFIn+1LPtjlBFPVN5jNDc1XmN15vWe7Q3DPBufWWsLiIvUu7xW87uTG6QoggpIDnUgLQvPheU+Q==",
      "requires": {
        "@babel/helper-validator-identifier": "^7.10.4",
        "lodash": "^4.17.19",
        "to-fast-properties": "^2.0.0"
      }
    },
    "@ethereal/parcel-resolver-esm": {
      "version": "file:../../parcel-resolver-esm"
    },
    "@types/cannon": {
      "version": "0.1.3",
      "resolved": "https://registry.npmjs.org/@types/cannon/-/cannon-0.1.3.tgz",
      "integrity": "sha512-ErEYawe3rTNJXkkuGXmt2RR2A2coP36RHlpQVVvDIt4NwarVKVauiWvvu5YgSTkxyTzGVkS7cLxTLjMYT8MQ4A==",
      "dev": true
    },
    "@types/lodash": {
      "version": "4.14.161",
      "resolved": "https://registry.npmjs.org/@types/lodash/-/lodash-4.14.161.tgz",
      "integrity": "sha512-EP6O3Jkr7bXvZZSZYlsgt5DIjiGr0dXP1/jVEwVLTFgg0d+3lWVQkRavYVQszV7dYUwvg0B8R0MBDpcmXg7XIA=="
    },
    "@types/node": {
      "version": "13.7.1",
      "resolved": "https://registry.npmjs.org/@types/node/-/node-13.7.1.tgz",
      "integrity": "sha512-Zq8gcQGmn4txQEJeiXo/KiLpon8TzAl0kmKH4zdWctPj05nWwp1ClMdAVEloqrQKfaC48PNLdgN/aVaLqUrluA==",
      "dev": true
    },
    "@vue/compiler-core": {
      "version": "3.0.0-rc.10",
      "resolved": "https://registry.npmjs.org/@vue/compiler-core/-/compiler-core-3.0.0-rc.10.tgz",
      "integrity": "sha512-kQzHzRsM0NPAWHeqSTb2J4VsHhjRkGeLTsGzeMnW+sojgTnS3T94KacwvYgVS4qeZAKiDq0bMNZoJWrHVQ3T8g==",
      "requires": {
        "@babel/parser": "^7.10.4",
        "@babel/types": "^7.10.4",
        "@vue/shared": "3.0.0-rc.10",
        "estree-walker": "^2.0.1",
        "source-map": "^0.6.1"
      }
    },
    "@vue/compiler-dom": {
      "version": "3.0.0-rc.10",
      "resolved": "https://registry.npmjs.org/@vue/compiler-dom/-/compiler-dom-3.0.0-rc.10.tgz",
      "integrity": "sha512-pqIUf5leZm0P9379utrRSVBMxhV8XaqJTEFFp5etCtbEa/H5ALs29EjFMtMcm9sQaVkZlKLu86mgIacbYB9Q3w==",
      "requires": {
        "@vue/compiler-core": "3.0.0-rc.10",
        "@vue/shared": "3.0.0-rc.10"
      }
    },
    "@vue/compiler-sfc": {
      "version": "3.0.0-rc.10",
      "resolved": "https://registry.npmjs.org/@vue/compiler-sfc/-/compiler-sfc-3.0.0-rc.10.tgz",
      "integrity": "sha512-VIJ+VXqeM7WoRNgD9uYSARVb6CYq+JS2NNHfeerfNc7Uk3pjYHRv1MwEicAvN6zWFm5GLC1ZYTVD+WFg3xGAkQ==",
      "dev": true,
      "requires": {
        "@babel/parser": "^7.10.4",
        "@babel/types": "^7.10.4",
        "@vue/compiler-core": "3.0.0-rc.10",
        "@vue/compiler-dom": "3.0.0-rc.10",
        "@vue/compiler-ssr": "3.0.0-rc.10",
        "@vue/shared": "3.0.0-rc.10",
        "consolidate": "^0.15.1",
        "estree-walker": "^2.0.1",
        "hash-sum": "^2.0.0",
        "lru-cache": "^5.1.1",
        "magic-string": "^0.25.7",
        "merge-source-map": "^1.1.0",
        "postcss": "^7.0.27",
        "postcss-modules": "^3.1.0",
        "postcss-selector-parser": "^6.0.2",
        "source-map": "^0.6.1"
      }
    },
    "@vue/compiler-ssr": {
      "version": "3.0.0-rc.10",
      "resolved": "https://registry.npmjs.org/@vue/compiler-ssr/-/compiler-ssr-3.0.0-rc.10.tgz",
      "integrity": "sha512-JBPil8sO5j7puB8acX2CQMRXEYB/EP8PoEur7RcF/+aqATI7C4yqWcSLC5TRJpigj6xE6ku6sx8om+j7ZHvgBw==",
      "dev": true,
      "requires": {
        "@vue/compiler-dom": "3.0.0-rc.10",
        "@vue/shared": "3.0.0-rc.10"
      }
    },
    "@vue/composition-api": {
      "version": "1.0.0-beta.11",
      "resolved": "https://registry.npmjs.org/@vue/composition-api/-/composition-api-1.0.0-beta.11.tgz",
      "integrity": "sha512-WHwX8e1V2NxQtFn7DsgET3QKAfA8kIm13hT4lCdGMAtxbM1dZ/lczF4wdhmkKtKrZiv657aanXV+cgGFF71krg==",
      "requires": {
        "tslib": "^2.0.1"
      },
      "dependencies": {
        "tslib": {
          "version": "2.0.1",
          "resolved": "https://registry.npmjs.org/tslib/-/tslib-2.0.1.tgz",
          "integrity": "sha512-SgIkNheinmEBgx1IUNirK0TUD4X9yjjBRTqqjggWCU3pUEqIk3/Uwl3yRixYKT6WjQuGiwDv4NomL3wqRCj+CQ=="
        }
      }
    },
    "@vue/reactivity": {
      "version": "3.0.0-rc.10",
      "resolved": "https://registry.npmjs.org/@vue/reactivity/-/reactivity-3.0.0-rc.10.tgz",
      "integrity": "sha512-mkUZfOJlbqGZx2cARmhCs5r2+xLJPL7VFNagmlA3Fd66ZXBc3ZvTQdYsY4VUbYJFe5ByIzqu9TZiAkzXY+JVaA==",
      "requires": {
        "@vue/shared": "3.0.0-rc.10"
      }
    },
    "@vue/runtime-core": {
      "version": "3.0.0-rc.10",
      "resolved": "https://registry.npmjs.org/@vue/runtime-core/-/runtime-core-3.0.0-rc.10.tgz",
      "integrity": "sha512-VK/kq4gDDoqZ45CVwdbLLpikXLYLCt6YLhdgXX3fhf20gvPqrbEZv1ZNLruNnhhTpf9cLyU4tZ18DHeaUYPziw==",
      "requires": {
        "@vue/reactivity": "3.0.0-rc.10",
        "@vue/shared": "3.0.0-rc.10"
      }
    },
    "@vue/runtime-dom": {
      "version": "3.0.0-rc.10",
      "resolved": "https://registry.npmjs.org/@vue/runtime-dom/-/runtime-dom-3.0.0-rc.10.tgz",
      "integrity": "sha512-bH4GuneHt3FQ+/21jba5orM/CO9N1cnT7J3wtrxopFJ4/4H5cvHXyG6v+ZVTu1d733Ij/6yMRA7xbtfi9a4zJw==",
      "requires": {
        "@vue/runtime-core": "3.0.0-rc.10",
        "@vue/shared": "3.0.0-rc.10",
        "csstype": "^2.6.8"
      }
    },
    "@vue/shared": {
      "version": "3.0.0-rc.10",
      "resolved": "https://registry.npmjs.org/@vue/shared/-/shared-3.0.0-rc.10.tgz",
      "integrity": "sha512-fI6gVhhgb3cAmEkY4oeVVA2hWZ2xvkgogHdBI5PL7gSvZnOB6XZ2eQGsYjC4W+7BegvEkoMBuZsFXVa4ZQ07XQ=="
    },
    "ansi-styles": {
      "version": "3.2.1",
      "resolved": "https://registry.npmjs.org/ansi-styles/-/ansi-styles-3.2.1.tgz",
      "integrity": "sha512-VT0ZI6kZRdTh8YyJw3SMbYm/u+NqfsAxEpWO0Pf9sq8/e94WxxOpPKx9FR1FlyCtOVDNOQ+8ntlqFxiRc+r5qA==",
      "dev": true,
      "requires": {
        "color-convert": "^1.9.0"
      }
    },
    "autoprefixer": {
      "version": "9.7.1",
      "resolved": "https://registry.npmjs.org/autoprefixer/-/autoprefixer-9.7.1.tgz",
      "integrity": "sha512-w3b5y1PXWlhYulevrTJ0lizkQ5CyqfeU6BIRDbuhsMupstHQOeb1Ur80tcB1zxSu7AwyY/qCQ7Vvqklh31ZBFw==",
      "dev": true,
      "requires": {
        "browserslist": "^4.7.2",
        "caniuse-lite": "^1.0.30001006",
        "chalk": "^2.4.2",
        "normalize-range": "^0.1.2",
        "num2fraction": "^1.2.2",
        "postcss": "^7.0.21",
        "postcss-value-parser": "^4.0.2"
      }
    },
    "balanced-match": {
      "version": "1.0.0",
      "resolved": "https://registry.npmjs.org/balanced-match/-/balanced-match-1.0.0.tgz",
      "integrity": "sha1-ibTRmasr7kneFk6gK4nORi1xt2c=",
      "dev": true
    },
    "big.js": {
      "version": "5.2.2",
      "resolved": "https://registry.npmjs.org/big.js/-/big.js-5.2.2.tgz",
      "integrity": "sha512-vyL2OymJxmarO8gxMr0mhChsO9QGwhynfuu4+MHTAW6czfq9humCB7rKpUjDd9YUiDPU4mzpyupFSvOClAwbmQ==",
      "dev": true
    },
    "bluebird": {
      "version": "3.7.2",
      "resolved": "https://registry.npmjs.org/bluebird/-/bluebird-3.7.2.tgz",
      "integrity": "sha512-XpNj6GDQzdfW+r2Wnn7xiSAd7TM3jzkxGXBGTtWKuSXv1xUV+azxAm8jdWZN06QTQk+2N2XB9jRDkvbmQmcRtg==",
      "dev": true
    },
    "brace-expansion": {
      "version": "1.1.11",
      "resolved": "https://registry.npmjs.org/brace-expansion/-/brace-expansion-1.1.11.tgz",
      "integrity": "sha512-iCuPHDFgrHX7H2vEI/5xpz07zSHB00TpugqhmYtVmMO6518mCuRMoOYFldEBl0g187ufozdaHgWKcYFb61qGiA==",
      "dev": true,
      "requires": {
        "balanced-match": "^1.0.0",
        "concat-map": "0.0.1"
      }
    },
    "browserslist": {
      "version": "4.14.0",
      "resolved": "https://registry.npmjs.org/browserslist/-/browserslist-4.14.0.tgz",
      "integrity": "sha512-pUsXKAF2lVwhmtpeA3LJrZ76jXuusrNyhduuQs7CDFf9foT4Y38aQOserd2lMe5DSSrjf3fx34oHwryuvxAUgQ==",
      "dev": true,
      "requires": {
        "caniuse-lite": "^1.0.30001111",
        "electron-to-chromium": "^1.3.523",
        "escalade": "^3.0.2",
        "node-releases": "^1.1.60"
      }
    },
    "caniuse-lite": {
      "version": "1.0.30001123",
      "resolved": "https://registry.npmjs.org/caniuse-lite/-/caniuse-lite-1.0.30001123.tgz",
      "integrity": "sha512-03dJDoa4YC4332jq0rqwiM+Hw6tA5RJtrnZKvOQy7ASoIUv8CinkcmGhYpCvCjedvkBQrrKnkcELxrUSW/XwNQ==",
      "dev": true
    },
    "cannon": {
      "version": "0.6.2",
      "resolved": "https://registry.npmjs.org/cannon/-/cannon-0.6.2.tgz",
      "integrity": "sha1-HnvHLdWEGYLzwQTCvFeL+k+xxXI="
    },
    "chalk": {
      "version": "2.4.2",
      "resolved": "https://registry.npmjs.org/chalk/-/chalk-2.4.2.tgz",
      "integrity": "sha512-Mti+f9lpJNcwF4tWV8/OrTTtF1gZi+f8FqlyAdouralcFWFQWF2+NgCHShjkCb+IFBLq9buZwE1xckQU4peSuQ==",
      "dev": true,
      "requires": {
        "ansi-styles": "^3.2.1",
        "escape-string-regexp": "^1.0.5",
        "supports-color": "^5.3.0"
      },
      "dependencies": {
        "supports-color": {
          "version": "5.5.0",
          "resolved": "https://registry.npmjs.org/supports-color/-/supports-color-5.5.0.tgz",
          "integrity": "sha512-QjVjwdXIt408MIiAqCX4oUKsgU2EqAGzs2Ppkm4aQYbjm+ZEWEcW4SfFNTr4uMNZma0ey4f5lgLrkB0aX0QMow==",
          "dev": true,
          "requires": {
            "has-flag": "^3.0.0"
          }
        }
      }
    },
    "color-convert": {
      "version": "1.9.3",
      "resolved": "https://registry.npmjs.org/color-convert/-/color-convert-1.9.3.tgz",
      "integrity": "sha512-QfAUtd+vFdAtFQcC8CCyYt1fYWxSqAiK2cSD6zDB8N3cpsEBAvRxp9zOGg6G/SHHJYAT88/az/IuDGALsNVbGg==",
      "dev": true,
      "requires": {
        "color-name": "1.1.3"
      }
    },
    "color-name": {
      "version": "1.1.3",
      "resolved": "https://registry.npmjs.org/color-name/-/color-name-1.1.3.tgz",
      "integrity": "sha1-p9BVi9icQveV3UIyj3QIMcpTvCU=",
      "dev": true
    },
    "concat-map": {
      "version": "0.0.1",
      "resolved": "https://registry.npmjs.org/concat-map/-/concat-map-0.0.1.tgz",
      "integrity": "sha1-2Klr13/Wjfd5OnMDajug1UBdR3s=",
      "dev": true
    },
    "consolidate": {
      "version": "0.15.1",
      "resolved": "https://registry.npmjs.org/consolidate/-/consolidate-0.15.1.tgz",
      "integrity": "sha512-DW46nrsMJgy9kqAbPt5rKaCr7uFtpo4mSUvLHIUbJEjm0vo+aY5QLwBUq3FK4tRnJr/X0Psc0C4jf/h+HtXSMw==",
      "dev": true,
      "requires": {
        "bluebird": "^3.1.1"
      }
    },
    "cssesc": {
      "version": "3.0.0",
      "resolved": "https://registry.npmjs.org/cssesc/-/cssesc-3.0.0.tgz",
      "integrity": "sha512-/Tb/JcjK111nNScGob5MNtsntNM1aCNUDipB/TkwZFhyDrrE47SOx/18wF2bbjgc3ZzCSKW1T5nt5EbFoAz/Vg==",
      "dev": true
    },
    "csstype": {
      "version": "2.6.13",
      "resolved": "https://registry.npmjs.org/csstype/-/csstype-2.6.13.tgz",
      "integrity": "sha512-ul26pfSQTZW8dcOnD2iiJssfXw0gdNVX9IJDH/X3K5DGPfj+fUYe3kB+swUY6BF3oZDxaID3AJt+9/ojSAE05A=="
    },
    "electron-to-chromium": {
      "version": "1.3.560",
      "resolved": "https://registry.npmjs.org/electron-to-chromium/-/electron-to-chromium-1.3.560.tgz",
      "integrity": "sha512-0cEFfOA3sNXfSxo0FIClBhrLVSe/QO9LBiqmmYPm3N/IYyt41NRTa2EhvOMWAOKpjd91t/rq062yhnJzfVMKkQ==",
      "dev": true
    },
    "emojis-list": {
      "version": "3.0.0",
      "resolved": "https://registry.npmjs.org/emojis-list/-/emojis-list-3.0.0.tgz",
      "integrity": "sha512-/kyM18EfinwXZbno9FyUGeFh87KC8HRQBQGildHZbEuRyWFOmv1U10o9BBp8XVZDVNNuQKyIGIu5ZYAAXJ0V2Q==",
      "dev": true
    },
    "escalade": {
      "version": "3.0.2",
      "resolved": "https://registry.npmjs.org/escalade/-/escalade-3.0.2.tgz",
      "integrity": "sha512-gPYAU37hYCUhW5euPeR+Y74F7BL+IBsV93j5cvGriSaD1aG6MGsqsV1yamRdrWrb2j3aiZvb0X+UBOWpx3JWtQ==",
      "dev": true
    },
    "escape-string-regexp": {
      "version": "1.0.5",
      "resolved": "https://registry.npmjs.org/escape-string-regexp/-/escape-string-regexp-1.0.5.tgz",
      "integrity": "sha1-G2HAViGQqN/2rjuyzwIAyhMLhtQ=",
      "dev": true
    },
    "estree-walker": {
      "version": "2.0.1",
      "resolved": "https://registry.npmjs.org/estree-walker/-/estree-walker-2.0.1.tgz",
      "integrity": "sha512-tF0hv+Yi2Ot1cwj9eYHtxC0jB9bmjacjQs6ZBTj82H8JwUywFuc+7E83NWfNMwHXZc11mjfFcVXPe9gEP4B8dg=="
    },
    "ethereal": {
      "version": "1.1.2",
      "requires": {
        "@etherealjs/core": "file:../../core",
        "@etherealjs/web-layer": "file:../../web-layer"
      },
      "dependencies": {
        "@etherealjs/core": {
          "version": "file:../../core",
          "requires": {
            "@popmotion/easing": "^1.0.2"
          },
          "dependencies": {
            "@glimmer/env": {
              "version": "0.1.7",
              "resolved": "https://registry.npmjs.org/@glimmer/env/-/env-0.1.7.tgz",
              "integrity": "sha1-/S0rVakCnGs3psk16MiHGucN+gc="
            },
            "@glimmer/global-context": {
              "version": "0.59.0",
              "resolved": "https://registry.npmjs.org/@glimmer/global-context/-/global-context-0.59.0.tgz",
              "integrity": "sha512-D8toHmniE1ufbK+A/pizPtfN4BY5n+E9/8/feFTERQBN5Q0+MQUAYoWtx2yb3RYprukwbQ8k+doOIAoHiZQ88A==",
              "requires": {
                "@glimmer/env": "^0.1.7"
              }
            },
            "@glimmer/validator": {
              "version": "0.59.0",
              "resolved": "https://registry.npmjs.org/@glimmer/validator/-/validator-0.59.0.tgz",
              "integrity": "sha512-kJAE9PicuxTHvCU9zWZdoK7j0vDh35TJ6rhfM1kxW/9IlIu2Q+NrFOT3i3bbxOkN7Z0TFaBvugjCREByw4sFpQ==",
              "requires": {
                "@glimmer/env": "^0.1.7",
                "@glimmer/global-context": "0.59.0"
              }
            },
            "@popmotion/easing": {
              "version": "1.0.2",
              "resolved": "https://registry.npmjs.org/@popmotion/easing/-/easing-1.0.2.tgz",
              "integrity": "sha512-IkdW0TNmRnWTeWI7aGQIVDbKXPWHVEYdGgd5ZR4SH/Ty/61p63jCjrPxX1XrR7IGkl08bjhJROStD7j+RKgoIw=="
            }
          }
        },
        "@etherealjs/web-layer": {
          "version": "file:../../web-layer",
          "requires": {
            "@speigg/html2canvas": "^1.0.0-alpha.12-fork.0.0.3",
            "fast-sha256": "^1.3.0",
            "fast-text-encoding": "^1.0.3",
            "lru_map": "^0.4.0",
            "resize-observer-polyfill": "^1.5.1"
          },
          "dependencies": {
            "@speigg/html2canvas": {
              "version": "1.0.0-alpha.12-fork.0.0.3",
              "resolved": "https://registry.npmjs.org/@speigg/html2canvas/-/html2canvas-1.0.0-alpha.12-fork.0.0.3.tgz",
              "integrity": "sha512-Ry4QzDtqoqHuoo+fAsJSzCqVtAapb8YU3tLvixoI51ncDrs75l9dJEM7g+2qqw3wSH5F++TIvKTky28DfvhWyQ==",
              "requires": {
                "css-line-break": "1.0.1"
              }
            },
            "base64-arraybuffer": {
              "version": "0.1.5",
              "resolved": "https://registry.npmjs.org/base64-arraybuffer/-/base64-arraybuffer-0.1.5.tgz",
              "integrity": "sha1-c5JncZI7Whl0etZmqlzUv5xunOg="
            },
            "css-line-break": {
              "version": "1.0.1",
              "resolved": "https://registry.npmjs.org/css-line-break/-/css-line-break-1.0.1.tgz",
              "integrity": "sha1-GfIGOjPpX7KDG4ZEbAuAwYivRQo=",
              "requires": {
                "base64-arraybuffer": "^0.1.5"
              }
            },
            "fast-sha256": {
              "version": "1.3.0",
              "resolved": "https://registry.npmjs.org/fast-sha256/-/fast-sha256-1.3.0.tgz",
              "integrity": "sha512-n11RGP/lrWEFI/bWdygLxhI+pVeo1ZYIVwvvPkW7azl/rOy+F3HYRZ2K5zeE9mmkhQppyv9sQFx0JM9UabnpPQ=="
            },
            "fast-text-encoding": {
              "version": "1.0.3",
              "resolved": "https://registry.npmjs.org/fast-text-encoding/-/fast-text-encoding-1.0.3.tgz",
              "integrity": "sha512-dtm4QZH9nZtcDt8qJiOH9fcQd1NAgi+K1O2DbE6GG1PPCK/BWfOH3idCTRQ4ImXRUOyopDEgDEnVEE7Y/2Wrig=="
            },
            "lru_map": {
              "version": "0.4.0",
              "resolved": "https://registry.npmjs.org/lru_map/-/lru_map-0.4.0.tgz",
              "integrity": "sha512-pLrI03mhpNJdiFVEQApY/jQVMiphI5OJmtSASWsCXWgf5M4lrhJebSAQEBlTKYnQ9AhC4cg1dd8I1ks7X8YU8Q=="
            },
            "resize-observer-polyfill": {
              "version": "1.5.1",
              "resolved": "https://registry.npmjs.org/resize-observer-polyfill/-/resize-observer-polyfill-1.5.1.tgz",
              "integrity": "sha512-LwZrotdHOo12nQuZlHEmtuXdqGoOD0OhaxopaNFxWzInpEgaLWoVuAMbTzixuosCx2nEG58ngzW3vxdWoxIgdg=="
            }
          }
        }
      }
    },
    "fs.realpath": {
      "version": "1.0.0",
      "resolved": "https://registry.npmjs.org/fs.realpath/-/fs.realpath-1.0.0.tgz",
      "integrity": "sha1-FQStJSMVjKpA20onh8sBQRmU6k8=",
      "dev": true
    },
    "generic-names": {
      "version": "2.0.1",
      "resolved": "https://registry.npmjs.org/generic-names/-/generic-names-2.0.1.tgz",
      "integrity": "sha512-kPCHWa1m9wGG/OwQpeweTwM/PYiQLrUIxXbt/P4Nic3LbGjCP0YwrALHW1uNLKZ0LIMg+RF+XRlj2ekT9ZlZAQ==",
      "dev": true,
      "requires": {
        "loader-utils": "^1.1.0"
      }
    },
    "glob": {
      "version": "7.1.6",
      "resolved": "https://registry.npmjs.org/glob/-/glob-7.1.6.tgz",
      "integrity": "sha512-LwaxwyZ72Lk7vZINtNNrywX0ZuLyStrdDtabefZKAY5ZGJhVtgdznluResxNmPitE0SAO+O26sWTHeKSI2wMBA==",
      "dev": true,
      "requires": {
        "fs.realpath": "^1.0.0",
        "inflight": "^1.0.4",
        "inherits": "2",
        "minimatch": "^3.0.4",
        "once": "^1.3.0",
        "path-is-absolute": "^1.0.0"
      }
    },
    "has-flag": {
      "version": "3.0.0",
      "resolved": "https://registry.npmjs.org/has-flag/-/has-flag-3.0.0.tgz",
      "integrity": "sha1-tdRU3CGZriJWmfNGfloH87lVuv0=",
      "dev": true
    },
    "hash-sum": {
      "version": "2.0.0",
      "resolved": "https://registry.npmjs.org/hash-sum/-/hash-sum-2.0.0.tgz",
      "integrity": "sha512-WdZTbAByD+pHfl/g9QSsBIIwy8IT+EsPiKDs0KNX+zSHhdDLFKdZu0BQHljvO+0QI/BasbMSUa8wYNCZTvhslg==",
      "dev": true
    },
    "icss-replace-symbols": {
      "version": "1.1.0",
      "resolved": "https://registry.npmjs.org/icss-replace-symbols/-/icss-replace-symbols-1.1.0.tgz",
      "integrity": "sha1-Bupvg2ead0njhs/h/oEq5dsiPe0=",
      "dev": true
    },
    "icss-utils": {
      "version": "4.1.1",
      "resolved": "https://registry.npmjs.org/icss-utils/-/icss-utils-4.1.1.tgz",
      "integrity": "sha512-4aFq7wvWyMHKgxsH8QQtGpvbASCf+eM3wPRLI6R+MgAnTCZ6STYsRvttLvRWK0Nfif5piF394St3HeJDaljGPA==",
      "dev": true,
      "requires": {
        "postcss": "^7.0.14"
      }
    },
    "indexes-of": {
      "version": "1.0.1",
      "resolved": "https://registry.npmjs.org/indexes-of/-/indexes-of-1.0.1.tgz",
      "integrity": "sha1-8w9xbI4r00bHtn0985FVZqfAVgc=",
      "dev": true
    },
    "inflight": {
      "version": "1.0.6",
      "resolved": "https://registry.npmjs.org/inflight/-/inflight-1.0.6.tgz",
      "integrity": "sha1-Sb1jMdfQLQwJvJEKEHW6gWW1bfk=",
      "dev": true,
      "requires": {
        "once": "^1.3.0",
        "wrappy": "1"
      }
    },
    "inherits": {
      "version": "2.0.4",
      "resolved": "https://registry.npmjs.org/inherits/-/inherits-2.0.4.tgz",
      "integrity": "sha512-k/vGaX4/Yla3WzyMCvTQOXYeIHvqOKtnqBduzTHpzpQZzAskKMhZ2K+EnBiSM9zGSoIFeMpXKxa4dYeZIQqewQ==",
      "dev": true
    },
    "json5": {
      "version": "1.0.1",
      "resolved": "https://registry.npmjs.org/json5/-/json5-1.0.1.tgz",
      "integrity": "sha512-aKS4WQjPenRxiQsC93MNfjx+nbF4PAdYzmd/1JIj8HYzqfbu86beTuNgXDzPknWk0n0uARlyewZo4s++ES36Ow==",
      "dev": true,
      "requires": {
        "minimist": "^1.2.0"
      }
    },
    "loader-utils": {
      "version": "1.4.0",
      "resolved": "https://registry.npmjs.org/loader-utils/-/loader-utils-1.4.0.tgz",
      "integrity": "sha512-qH0WSMBtn/oHuwjy/NucEgbx5dbxxnxup9s4PVXJUDHZBQY+s0NWA9rJf53RBnQZxfch7euUui7hpoAPvALZdA==",
      "dev": true,
      "requires": {
        "big.js": "^5.2.2",
        "emojis-list": "^3.0.0",
        "json5": "^1.0.1"
      }
    },
    "lodash": {
      "version": "4.17.20",
      "resolved": "https://registry.npmjs.org/lodash/-/lodash-4.17.20.tgz",
      "integrity": "sha512-PlhdFcillOINfeV7Ni6oF1TAEayyZBoZ8bcshTHqOYJYlrqzRK5hagpagky5o4HfCzzd1TRkXPMFq6cKk9rGmA=="
    },
    "lodash.camelcase": {
      "version": "4.3.0",
      "resolved": "https://registry.npmjs.org/lodash.camelcase/-/lodash.camelcase-4.3.0.tgz",
      "integrity": "sha1-soqmKIorn8ZRA1x3EfZathkDMaY=",
      "dev": true
    },
    "lru-cache": {
      "version": "5.1.1",
      "resolved": "https://registry.npmjs.org/lru-cache/-/lru-cache-5.1.1.tgz",
      "integrity": "sha512-KpNARQA3Iwv+jTA0utUVVbrh+Jlrr1Fv0e56GGzAFOXN7dk/FviaDW8LHmK52DlcH4WP2n6gI8vN1aesBFgo9w==",
      "dev": true,
      "requires": {
        "yallist": "^3.0.2"
      }
    },
    "magic-string": {
      "version": "0.25.7",
      "resolved": "https://registry.npmjs.org/magic-string/-/magic-string-0.25.7.tgz",
      "integrity": "sha512-4CrMT5DOHTDk4HYDlzmwu4FVCcIYI8gauveasrdCu2IKIFOJ3f0v/8MDGJCDL9oD2ppz/Av1b0Nj345H9M+XIA==",
      "dev": true,
      "requires": {
        "sourcemap-codec": "^1.4.4"
      }
    },
    "merge-source-map": {
      "version": "1.1.0",
      "resolved": "https://registry.npmjs.org/merge-source-map/-/merge-source-map-1.1.0.tgz",
      "integrity": "sha512-Qkcp7P2ygktpMPh2mCQZaf3jhN6D3Z/qVZHSdWvQ+2Ef5HgRAPBO57A77+ENm0CPx2+1Ce/MYKi3ymqdfuqibw==",
      "dev": true,
      "requires": {
        "source-map": "^0.6.1"
      }
    },
    "minimatch": {
      "version": "3.0.4",
      "resolved": "https://registry.npmjs.org/minimatch/-/minimatch-3.0.4.tgz",
      "integrity": "sha512-yJHVQEhyqPLUTgt9B83PXu6W3rx4MvvHvSUvToogpwoGDOUQ+yDrR0HRot+yOCdCO7u4hX3pWft6kWBBcqh0UA==",
      "dev": true,
      "requires": {
        "brace-expansion": "^1.1.7"
      }
    },
    "minimist": {
      "version": "1.2.5",
      "resolved": "https://registry.npmjs.org/minimist/-/minimist-1.2.5.tgz",
      "integrity": "sha512-FM9nNUYrRBAELZQT3xeZQ7fmMOBg6nWNmJKTcgsJeaLstP/UODVpGsr5OhXhhXg6f+qtJ8uiZ+PUxkDWcgIXLw==",
      "dev": true
    },
    "node-releases": {
      "version": "1.1.60",
      "resolved": "https://registry.npmjs.org/node-releases/-/node-releases-1.1.60.tgz",
      "integrity": "sha512-gsO4vjEdQaTusZAEebUWp2a5d7dF5DYoIpDG7WySnk7BuZDW+GPpHXoXXuYawRBr/9t5q54tirPz79kFIWg4dA==",
      "dev": true
    },
    "normalize-range": {
      "version": "0.1.2",
      "resolved": "https://registry.npmjs.org/normalize-range/-/normalize-range-0.1.2.tgz",
      "integrity": "sha1-LRDAa9/TEuqXd2laTShDlFa3WUI=",
      "dev": true
    },
    "num2fraction": {
      "version": "1.2.2",
      "resolved": "https://registry.npmjs.org/num2fraction/-/num2fraction-1.2.2.tgz",
      "integrity": "sha1-b2gragJ6Tp3fpFZM0lidHU5mnt4=",
      "dev": true
    },
    "once": {
      "version": "1.4.0",
      "resolved": "https://registry.npmjs.org/once/-/once-1.4.0.tgz",
      "integrity": "sha1-WDsap3WWHUsROsF9nFC6753Xa9E=",
      "dev": true,
      "requires": {
        "wrappy": "1"
      }
    },
    "path-is-absolute": {
      "version": "1.0.1",
      "resolved": "https://registry.npmjs.org/path-is-absolute/-/path-is-absolute-1.0.1.tgz",
      "integrity": "sha1-F0uSaHNVNP+8es5r9TpanhtcX18=",
      "dev": true
    },
    "postcss": {
      "version": "7.0.32",
      "resolved": "https://registry.npmjs.org/postcss/-/postcss-7.0.32.tgz",
      "integrity": "sha512-03eXong5NLnNCD05xscnGKGDZ98CyzoqPSMjOe6SuoQY7Z2hIj0Ld1g/O/UQRuOle2aRtiIRDg9tDcTGAkLfKw==",
      "dev": true,
      "requires": {
        "chalk": "^2.4.2",
        "source-map": "^0.6.1",
        "supports-color": "^6.1.0"
      }
    },
    "postcss-modules": {
      "version": "3.2.2",
      "resolved": "https://registry.npmjs.org/postcss-modules/-/postcss-modules-3.2.2.tgz",
      "integrity": "sha512-JQ8IAqHELxC0N6tyCg2UF40pACY5oiL6UpiqqcIFRWqgDYO8B0jnxzoQ0EOpPrWXvcpu6BSbQU/3vSiq7w8Nhw==",
      "dev": true,
      "requires": {
        "generic-names": "^2.0.1",
        "icss-replace-symbols": "^1.1.0",
        "lodash.camelcase": "^4.3.0",
        "postcss": "^7.0.32",
        "postcss-modules-extract-imports": "^2.0.0",
        "postcss-modules-local-by-default": "^3.0.2",
        "postcss-modules-scope": "^2.2.0",
        "postcss-modules-values": "^3.0.0",
        "string-hash": "^1.1.1"
      }
    },
    "postcss-modules-extract-imports": {
      "version": "2.0.0",
      "resolved": "https://registry.npmjs.org/postcss-modules-extract-imports/-/postcss-modules-extract-imports-2.0.0.tgz",
      "integrity": "sha512-LaYLDNS4SG8Q5WAWqIJgdHPJrDDr/Lv775rMBFUbgjTz6j34lUznACHcdRWroPvXANP2Vj7yNK57vp9eFqzLWQ==",
      "dev": true,
      "requires": {
        "postcss": "^7.0.5"
      }
    },
    "postcss-modules-local-by-default": {
      "version": "3.0.3",
      "resolved": "https://registry.npmjs.org/postcss-modules-local-by-default/-/postcss-modules-local-by-default-3.0.3.tgz",
      "integrity": "sha512-e3xDq+LotiGesympRlKNgaJ0PCzoUIdpH0dj47iWAui/kyTgh3CiAr1qP54uodmJhl6p9rN6BoNcdEDVJx9RDw==",
      "dev": true,
      "requires": {
        "icss-utils": "^4.1.1",
        "postcss": "^7.0.32",
        "postcss-selector-parser": "^6.0.2",
        "postcss-value-parser": "^4.1.0"
      }
    },
    "postcss-modules-scope": {
      "version": "2.2.0",
      "resolved": "https://registry.npmjs.org/postcss-modules-scope/-/postcss-modules-scope-2.2.0.tgz",
      "integrity": "sha512-YyEgsTMRpNd+HmyC7H/mh3y+MeFWevy7V1evVhJWewmMbjDHIbZbOXICC2y+m1xI1UVfIT1HMW/O04Hxyu9oXQ==",
      "dev": true,
      "requires": {
        "postcss": "^7.0.6",
        "postcss-selector-parser": "^6.0.0"
      }
    },
    "postcss-modules-values": {
      "version": "3.0.0",
      "resolved": "https://registry.npmjs.org/postcss-modules-values/-/postcss-modules-values-3.0.0.tgz",
      "integrity": "sha512-1//E5jCBrZ9DmRX+zCtmQtRSV6PV42Ix7Bzj9GbwJceduuf7IqP8MgeTXuRDHOWj2m0VzZD5+roFWDuU8RQjcg==",
      "dev": true,
      "requires": {
        "icss-utils": "^4.0.0",
        "postcss": "^7.0.6"
      }
    },
    "postcss-selector-parser": {
      "version": "6.0.2",
      "resolved": "https://registry.npmjs.org/postcss-selector-parser/-/postcss-selector-parser-6.0.2.tgz",
      "integrity": "sha512-36P2QR59jDTOAiIkqEprfJDsoNrvwFei3eCqKd1Y0tUsBimsq39BLp7RD+JWny3WgB1zGhJX8XVePwm9k4wdBg==",
      "dev": true,
      "requires": {
        "cssesc": "^3.0.0",
        "indexes-of": "^1.0.1",
        "uniq": "^1.0.1"
      }
    },
    "postcss-value-parser": {
      "version": "4.1.0",
      "resolved": "https://registry.npmjs.org/postcss-value-parser/-/postcss-value-parser-4.1.0.tgz",
      "integrity": "sha512-97DXOFbQJhk71ne5/Mt6cOu6yxsSfM0QGQyl0L25Gca4yGWEGJaig7l7gbCX623VqTBNGLRLaVUCnNkcedlRSQ==",
      "dev": true
    },
    "rimraf": {
      "version": "3.0.0",
      "resolved": "https://registry.npmjs.org/rimraf/-/rimraf-3.0.0.tgz",
      "integrity": "sha512-NDGVxTsjqfunkds7CqsOiEnxln4Bo7Nddl3XhS4pXg5OzwkLqJ971ZVAAnB+DDLnF76N+VnDEiBHaVV8I06SUg==",
      "dev": true,
      "requires": {
        "glob": "^7.1.3"
      }
    },
    "source-map": {
      "version": "0.6.1",
      "resolved": "https://registry.npmjs.org/source-map/-/source-map-0.6.1.tgz",
      "integrity": "sha512-UjgapumWlbMhkBgzT7Ykc5YXUT46F0iKu8SGXq0bcwP5dz/h0Plj6enJqjz1Zbq2l5WaqYnrVbwWOWMyF3F47g=="
    },
    "sourcemap-codec": {
      "version": "1.4.8",
      "resolved": "https://registry.npmjs.org/sourcemap-codec/-/sourcemap-codec-1.4.8.tgz",
      "integrity": "sha512-9NykojV5Uih4lgo5So5dtw+f0JgJX30KCNI8gwhz2J9A15wD0Ml6tjHKwf6fTSa6fAdVBdZeNOs9eJ71qCk8vA==",
      "dev": true
    },
    "string-hash": {
      "version": "1.1.3",
      "resolved": "https://registry.npmjs.org/string-hash/-/string-hash-1.1.3.tgz",
      "integrity": "sha1-6Kr8CsGFW0Zmkp7X3RJ1311sgRs=",
      "dev": true
    },
    "supports-color": {
      "version": "6.1.0",
      "resolved": "https://registry.npmjs.org/supports-color/-/supports-color-6.1.0.tgz",
      "integrity": "sha512-qe1jfm1Mg7Nq/NSh6XE24gPXROEVsWHxC1LIx//XNlD9iw7YZQGjZNjYN7xGaEG6iKdA8EtNFW6R0gjnVXp+wQ==",
      "dev": true,
      "requires": {
        "has-flag": "^3.0.0"
      }
    },
    "three": {
      "version": "0.113.2",
      "resolved": "https://registry.npmjs.org/three/-/three-0.113.2.tgz",
      "integrity": "sha512-x3vrKW41/UtbWbWduWKGlfIc043SvHWr3YltehYq+UGb9YglQ2oztNGvl2eut05JtNSmP11Mh3t6Xak5/0e+Fg=="
    },
    "three-mesh-bvh": {
      "version": "0.1.3",
      "resolved": "https://registry.npmjs.org/three-mesh-bvh/-/three-mesh-bvh-0.1.3.tgz",
      "integrity": "sha512-m1vkDPok3kHy3Az4u7EivY0HrycTPOTe9maXdlTr0UlJ+9zbYO39nJZOhtofnw9zRQmjJH10bpiVaqmhzsHXgg=="
    },
    "three-stl-loader": {
      "version": "1.0.6",
      "resolved": "https://registry.npmjs.org/three-stl-loader/-/three-stl-loader-1.0.6.tgz",
      "integrity": "sha512-Z5Tc41XwYkR7we7Igz9Ck0Gw931aMePpPA2piaixUBOqteztlnh5onH/op5UrTdlOjs6GnKR6DBHZ4plUEh4bA=="
    },
    "three-web-layer": {
      "version": "2.0.13",
      "resolved": "https://registry.npmjs.org/three-web-layer/-/three-web-layer-2.0.13.tgz",
      "integrity": "sha512-/22OFeCLFtzlc3r6v4dHoVww5Kuy7wE9/cFBri82uYrZ9SIdFIGJRu82v/FF/1NTuf8su1UfSptePDYoJhybFw=="
    },
    "to-fast-properties": {
      "version": "2.0.0",
      "resolved": "https://registry.npmjs.org/to-fast-properties/-/to-fast-properties-2.0.0.tgz",
      "integrity": "sha1-3F5pjL0HkmW8c+A3doGk5Og/YW4="
    },
    "tslib": {
      "version": "1.13.0",
      "resolved": "https://registry.npmjs.org/tslib/-/tslib-1.13.0.tgz",
      "integrity": "sha512-i/6DQjL8Xf3be4K/E6Wgpekn5Qasl1usyw++dAA35Ue5orEn65VIxOA+YvNNl9HV3qv70T7CNwjODHZrLwvd1Q=="
    },
    "uniq": {
      "version": "1.0.1",
      "resolved": "https://registry.npmjs.org/uniq/-/uniq-1.0.1.tgz",
      "integrity": "sha1-sxxa6CVIRKOoKBVBzisEuGWnNP8=",
      "dev": true
    },
    "vue": {
      "version": "3.0.0-rc.10",
      "resolved": "https://registry.npmjs.org/vue/-/vue-3.0.0-rc.10.tgz",
      "integrity": "sha512-nRsyIQtOWLDMBb5dsPwg/WdIqznCMVWN6O6wJSzhseKC768wHlZKcJ7SPHhWPid9wi3Ykhtl9vtgvxTK/qICkw==",
      "requires": {
        "@vue/compiler-dom": "3.0.0-rc.10",
        "@vue/runtime-dom": "3.0.0-rc.10",
        "@vue/shared": "3.0.0-rc.10"
      }
    },
    "wrappy": {
      "version": "1.0.2",
      "resolved": "https://registry.npmjs.org/wrappy/-/wrappy-1.0.2.tgz",
      "integrity": "sha1-tSQ9jz7BqjXxNkYFvA0QNuMKtp8=",
      "dev": true
    },
    "yallist": {
      "version": "3.1.1",
      "resolved": "https://registry.npmjs.org/yallist/-/yallist-3.1.1.tgz",
      "integrity": "sha512-a4UGQaWPH59mOXUYnAG2ewncQS4i4F43Tv3JoAM+s2VDAmS9NsK8GpDMLrCHPksFT7h3K6TOoUNn2pb7RoXx4g==",
      "dev": true
    },
    "yeux": {
      "version": "1.0.1",
      "resolved": "https://registry.npmjs.org/yeux/-/yeux-1.0.1.tgz",
      "integrity": "sha512-Q0MW7fd3CVnz5+sT1Q0DDrRs9KcCCSEzSJljyjppg03KSyl9Dki9wmE9gmqUENki59gN/xgvna+f8j4e5U1x6w==",
      "requires": {
        "@types/lodash": "^4.14.113",
        "tslib": "^1.9.3"
      }
    }
  }
}
